Microsoft Visual Studio Solution File, Format Version 12.00
# Visual Studio Version 17
VisualStudioVersion = 17.0.31903.59
MinimumVisualStudioVersion = 10.0.40219.1
Project("{FAE04EC0-301F-11D3-BF4B-00C04F79EFBC}") = "TrackSwap", "src\TrackSwap\TrackSwap.csproj", "{72FD986E-8DF1-48F8-9A68-62B7234A6F62}"
EndProject
Project("{FAE04EC0-301F-11D3-BF4B-00C04F79EFBC}") = "TrackSwap.Runtime.Tests", "tests\TrackSwap.Runtime.Tests\TrackSwap.Runtime.Tests.csproj", "{5C65B6EA-8F1F-4A58-A71D-F761DCDA8357}"
EndProject
Project("{FAE04EC0-301F-11D3-BF4B-00C04F79EFBC}") = "TrackSwap.Protocol", "src\TrackSwap.Protocol\TrackSwap.Protocol.csproj", "{50AE1AE2-A2B7-4C33-A047-78C36FE196D7}"
EndProject
Project("{FAE04EC0-301F-11D3-BF4B-00C04F79EFBC}") = "TrackSwap.Runtime", "src\TrackSwap.Runtime\TrackSwap.Runtime.csproj", "{1BF1DF17-2EB6-4CDF-91FB-8B833FB91822}"
EndProject
Project("{FAE04EC0-301F-11D3-BF4B-00C04F79EFBC}") = "TrackSwap.Protocol.Tests", "tests\TrackSwap.Protocol.Tests\TrackSwap.Protocol.Tests.csproj", "{807568C3-7C43-4403-8A13-6C58BDFE7F48}"
EndProject
Project("{FAE04EC0-301F-11D3-BF4B-00C04F79EFBC}") = "TrackSwap.HapticPhoneDiagnostic", "tools\TrackSwap.HapticPhoneDiagnostic\TrackSwap.HapticPhoneDiagnostic.csproj", "{7A09A145-A59E-447B-A09D-F17B88E79BE2}"
EndProject
Project("{FAE04EC0-301F-11D3-BF4B-00C04F79EFBC}") = "TrackSwap.HapticPhoneDiagnostic.Tests", "tests\TrackSwap.HapticPhoneDiagnostic.Tests\TrackSwap.HapticPhoneDiagnostic.Tests.csproj", "{1328384A-F670-415F-BC40-EEF13B5428F0}"
EndProject
Global
	GlobalSection(SolutionConfigurationPlatforms) = preSolution
		Debug|Any CPU = Debug|Any CPU
		Release|Any CPU = Release|Any CPU
	EndGlobalSection
	GlobalSection(ProjectConfigurationPlatforms) = postSolution
		{5C65B6EA-8F1F-4A58-A71D-F761DCDA8357}.Debug|Any CPU.ActiveCfg = Debug|x64
		{5C65B6EA-8F1F-4A58-A71D-F761DCDA8357}.Debug|Any CPU.Build.0 = Debug|x64
		{5C65B6EA-8F1F-4A58-A71D-F761DCDA8357}.Release|Any CPU.ActiveCfg = Release|x64
		{5C65B6EA-8F1F-4A58-A71D-F761DCDA8357}.Release|Any CPU.Build.0 = Release|x64
		{72FD986E-8DF1-48F8-9A68-62B7234A6F62}.Debug|Any CPU.ActiveCfg = Debug|Any CPU
		{72FD986E-8DF1-48F8-9A68-62B7234A6F62}.Debug|Any CPU.Build.0 = Debug|Any CPU
		{72FD986E-8DF1-48F8-9A68-62B7234A6F62}.Release|Any CPU.ActiveCfg = Release|Any CPU
		{72FD986E-8DF1-48F8-9A68-62B7234A6F62}.Release|Any CPU.Build.0 = Release|Any CPU
		{50AE1AE2-A2B7-4C33-A047-78C36FE196D7}.Debug|Any CPU.ActiveCfg = Debug|Any CPU
		{50AE1AE2-A2B7-4C33-A047-78C36FE196D7}.Debug|Any CPU.Build.0 = Debug|Any CPU
		{50AE1AE2-A2B7-4C33-A047-78C36FE196D7}.Release|Any CPU.ActiveCfg = Release|Any CPU
		{50AE1AE2-A2B7-4C33-A047-78C36FE196D7}.Release|Any CPU.Build.0 = Release|Any CPU
		{1BF1DF17-2EB6-4CDF-91FB-8B833FB91822}.Debug|Any CPU.ActiveCfg = Debug|Any CPU
		{1BF1DF17-2EB6-4CDF-91FB-8B833FB91822}.Debug|Any CPU.Build.0 = Debug|Any CPU
		{1BF1DF17-2EB6-4CDF-91FB-8B833FB91822}.Release|Any CPU.ActiveCfg = Release|Any CPU
		{1BF1DF17-2EB6-4CDF-91FB-8B833FB91822}.Release|Any CPU.Build.0 = Release|Any CPU
		{807568C3-7C43-4403-8A13-6C58BDFE7F48}.Debug|Any CPU.ActiveCfg = Debug|Any CPU
		{807568C3-7C43-4403-8A13-6C58BDFE7F48}.Debug|Any CPU.Build.0 = Debug|Any CPU
		{807568C3-7C43-4403-8A13-6C58BDFE7F48}.Release|Any CPU.ActiveCfg = Release|Any CPU
		{807568C3-7C43-4403-8A13-6C58BDFE7F48}.Release|Any CPU.Build.0 = Release|Any CPU
		{7A09A145-A59E-447B-A09D-F17B88E79BE2}.Debug|Any CPU.ActiveCfg = Debug|Any CPU
		{7A09A145-A59E-447B-A09D-F17B88E79BE2}.Debug|Any CPU.Build.0 = Debug|Any CPU
		{7A09A145-A59E-447B-A09D-F17B88E79BE2}.Release|Any CPU.ActiveCfg = Release|Any CPU
		{7A09A145-A59E-447B-A09D-F17B88E79BE2}.Release|Any CPU.Build.0 = Release|Any CPU
		{1328384A-F670-415F-BC40-EEF13B5428F0}.Debug|Any CPU.ActiveCfg = Debug|Any CPU
		{1328384A-F670-415F-BC40-EEF13B5428F0}.Debug|Any CPU.Build.0 = Debug|Any CPU
		{1328384A-F670-415F-BC40-EEF13B5428F0}.Release|Any CPU.ActiveCfg = Release|Any CPU
		{1328384A-F670-415F-BC40-EEF13B5428F0}.Release|Any CPU.Build.0 = Release|Any CPU
	EndGlobalSection
EndGlobal
